
Microsoft Visual Studio Solution File, Format Version 12.00
Project("{2150E333-8FDC-42A3-9474-1A3956D46DE8}") = "Host", "Host", "{A1B2C3D4-E5F6-7890-ABCD-EF1234567890}"
EndProject
Project("{FAE04EC0-301F-11D3-BF4B-00C04F79EFBC}") = "BudgetBuddy.API.ModularMonolith", "Host\BudgetBuddy.API.ModularMonolith\BudgetBuddy.API.ModularMonolith.csproj", "{EB52A0CA-0957-4DA6-B4A2-1B7999A74563}"
EndProject
Project("{2150E333-8FDC-42A3-9474-1A3956D46DE8}") = "Shared", "Shared", "{C8E42992-5E42-0C2B-DBFE-AA848D06431C}"
EndProject
Project("{FAE04EC0-301F-11D3-BF4B-00C04F79EFBC}") = "BudgetBuddy.Shared.Kernel", "Shared\BudgetBuddy.Shared.Kernel\BudgetBuddy.Shared.Kernel.csproj", "{3B65F805-85B7-474E-BFC5-4B9E130A2152}"
EndProject
Project("{FAE04EC0-301F-11D3-BF4B-00C04F79EFBC}") = "BudgetBuddy.Shared.Infrastructure", "Shared\BudgetBuddy.Shared.Infrastructure\BudgetBuddy.Shared.Infrastructure.csproj", "{5D08B0C1-FF08-4BFF-AE18-EFE149F22838}"
EndProject
Project("{FAE04EC0-301F-11D3-BF4B-00C04F79EFBC}") = "BudgetBuddy.Shared.Contracts", "Shared\BudgetBuddy.Shared.Contracts\BudgetBuddy.Shared.Contracts.csproj", "{70D9C36B-4FDF-4166-901E-8A2FA6DCE37F}"
EndProject
Project("{2150E333-8FDC-42A3-9474-1A3956D46DE8}") = "Modules", "Modules", "{EC447DCF-ABFA-6E24-52A5-D7FD48A5C558}"
EndProject
Project("{FAE04EC0-301F-11D3-BF4B-00C04F79EFBC}") = "BudgetBuddy.Module.Auth", "Modules\BudgetBuddy.Module.Auth\BudgetBuddy.Module.Auth.csproj", "{9A08C661-8B92-4CB9-8A9B-78DA55E3D7E2}"
EndProject
Project("{FAE04EC0-301F-11D3-BF4B-00C04F79EFBC}") = "BudgetBuddy.Module.Accounts", "Modules\BudgetBuddy.Module.Accounts\BudgetBuddy.Module.Accounts.csproj", "{EE21C5CB-4337-4911-809C-AE0BC2293B1B}"
EndProject
Project("{FAE04EC0-301F-11D3-BF4B-00C04F79EFBC}") = "BudgetBuddy.Module.Transactions", "Modules\BudgetBuddy.Module.Transactions\BudgetBuddy.Module.Transactions.csproj", "{83A42A99-33E8-42EB-B850-9ADEB940E539}"
EndProject
Project("{FAE04EC0-301F-11D3-BF4B-00C04F79EFBC}") = "BudgetBuddy.Module.Budgets", "Modules\BudgetBuddy.Module.Budgets\BudgetBuddy.Module.Budgets.csproj", "{A984440F-D73D-4639-9E24-6EECE05452F5}"
EndProject
Project("{FAE04EC0-301F-11D3-BF4B-00C04F79EFBC}") = "BudgetBuddy.Module.Investments", "Modules\BudgetBuddy.Module.Investments\BudgetBuddy.Module.Investments.csproj", "{59E654E7-83CF-4C0E-B152-974010DD0E59}"
EndProject
Project("{FAE04EC0-301F-11D3-BF4B-00C04F79EFBC}") = "BudgetBuddy.Module.Analytics", "Modules\BudgetBuddy.Module.Analytics\BudgetBuddy.Module.Analytics.csproj", "{F1CD2CD6-CB6F-4B15-94C1-2D0497D1EB97}"
EndProject
Project("{FAE04EC0-301F-11D3-BF4B-00C04F79EFBC}") = "BudgetBuddy.Module.ReferenceData", "Modules\BudgetBuddy.Module.ReferenceData\BudgetBuddy.Module.ReferenceData.csproj", "{7F35EB95-4746-4A09-94AA-606E3CBA27EA}"
EndProject
Project("{2150E333-8FDC-42A3-9474-1A3956D46DE8}") = "Tests", "Tests", "{0AB3BF05-4346-4AA6-1389-037BE0695223}"
EndProject
Project("{FAE04EC0-301F-11D3-BF4B-00C04F79EFBC}") = "BudgetBuddy.ArchitectureTests", "Tests\BudgetBuddy.ArchitectureTests\BudgetBuddy.ArchitectureTests.csproj", "{037BA36D-434D-4F81-8CF6-861F70E9EAFC}"
EndProject
Global
	GlobalSection(SolutionConfigurationPlatforms) = preSolution
		Debug|Any CPU = Debug|Any CPU
		Debug|x64 = Debug|x64
		Debug|x86 = Debug|x86
		Release|Any CPU = Release|Any CPU
		Release|x64 = Release|x64
		Release|x86 = Release|x86
	EndGlobalSection
	GlobalSection(ProjectConfigurationPlatforms) = postSolution
		{EB52A0CA-0957-4DA6-B4A2-1B7999A74563}.Debug|Any CPU.ActiveCfg = Debug|Any CPU
		{EB52A0CA-0957-4DA6-B4A2-1B7999A74563}.Debug|Any CPU.Build.0 = Debug|Any CPU
		{EB52A0CA-0957-4DA6-B4A2-1B7999A74563}.Debug|x64.ActiveCfg = Debug|Any CPU
		{EB52A0CA-0957-4DA6-B4A2-1B7999A74563}.Debug|x64.Build.0 = Debug|Any CPU
		{EB52A0CA-0957-4DA6-B4A2-1B7999A74563}.Debug|x86.ActiveCfg = Debug|Any CPU
		{EB52A0CA-0957-4DA6-B4A2-1B7999A74563}.Debug|x86.Build.0 = Debug|Any CPU
		{EB52A0CA-0957-4DA6-B4A2-1B7999A74563}.Release|Any CPU.ActiveCfg = Release|Any CPU
		{EB52A0CA-0957-4DA6-B4A2-1B7999A74563}.Release|Any CPU.Build.0 = Release|Any CPU
		{EB52A0CA-0957-4DA6-B4A2-1B7999A74563}.Release|x64.ActiveCfg = Release|Any CPU
		{EB52A0CA-0957-4DA6-B4A2-1B7999A74563}.Release|x64.Build.0 = Release|Any CPU
		{EB52A0CA-0957-4DA6-B4A2-1B7999A74563}.Release|x86.ActiveCfg = Release|Any CPU
		{EB52A0CA-0957-4DA6-B4A2-1B7999A74563}.Release|x86.Build.0 = Release|Any CPU
		{3B65F805-85B7-474E-BFC5-4B9E130A2152}.Debug|Any CPU.ActiveCfg = Debug|Any CPU
		{3B65F805-85B7-474E-BFC5-4B9E130A2152}.Debug|Any CPU.Build.0 = Debug|Any CPU
		{3B65F805-85B7-474E-BFC5-4B9E130A2152}.Debug|x64.ActiveCfg = Debug|Any CPU
		{3B65F805-85B7-474E-BFC5-4B9E130A2152}.Debug|x64.Build.0 = Debug|Any CPU
		{3B65F805-85B7-474E-BFC5-4B9E130A2152}.Debug|x86.ActiveCfg = Debug|Any CPU
		{3B65F805-85B7-474E-BFC5-4B9E130A2152}.Debug|x86.Build.0 = Debug|Any CPU
		{3B65F805-85B7-474E-BFC5-4B9E130A2152}.Release|Any CPU.ActiveCfg = Release|Any CPU
		{3B65F805-85B7-474E-BFC5-4B9E130A2152}.Release|Any CPU.Build.0 = Release|Any CPU
		{3B65F805-85B7-474E-BFC5-4B9E130A2152}.Release|x64.ActiveCfg = Release|Any CPU
		{3B65F805-85B7-474E-BFC5-4B9E130A2152}.Release|x64.Build.0 = Release|Any CPU
		{3B65F805-85B7-474E-BFC5-4B9E130A2152}.Release|x86.ActiveCfg = Release|Any CPU
		{3B65F805-85B7-474E-BFC5-4B9E130A2152}.Release|x86.Build.0 = Release|Any CPU
		{5D08B0C1-FF08-4BFF-AE18-EFE149F22838}.Debug|Any CPU.ActiveCfg = Debug|Any CPU
		{5D08B0C1-FF08-4BFF-AE18-EFE149F22838}.Debug|Any CPU.Build.0 = Debug|Any CPU
		{5D08B0C1-FF08-4BFF-AE18-EFE149F22838}.Debug|x64.ActiveCfg = Debug|Any CPU
		{5D08B0C1-FF08-4BFF-AE18-EFE149F22838}.Debug|x64.Build.0 = Debug|Any CPU
		{5D08B0C1-FF08-4BFF-AE18-EFE149F22838}.Debug|x86.ActiveCfg = Debug|Any CPU
		{5D08B0C1-FF08-4BFF-AE18-EFE149F22838}.Debug|x86.Build.0 = Debug|Any CPU
		{5D08B0C1-FF08-4BFF-AE18-EFE149F22838}.Release|Any CPU.ActiveCfg = Release|Any CPU
		{5D08B0C1-FF08-4BFF-AE18-EFE149F22838}.Release|Any CPU.Build.0 = Release|Any CPU
		{5D08B0C1-FF08-4BFF-AE18-EFE149F22838}.Release|x64.ActiveCfg = Release|Any CPU
		{5D08B0C1-FF08-4BFF-AE18-EFE149F22838}.Release|x64.Build.0 = Release|Any CPU
		{5D08B0C1-FF08-4BFF-AE18-EFE149F22838}.Release|x86.ActiveCfg = Release|Any CPU
		{5D08B0C1-FF08-4BFF-AE18-EFE149F22838}.Release|x86.Build.0 = Release|Any CPU
		{70D9C36B-4FDF-4166-901E-8A2FA6DCE37F}.Debug|Any CPU.ActiveCfg = Debug|Any CPU
		{70D9C36B-4FDF-4166-901E-8A2FA6DCE37F}.Debug|Any CPU.Build.0 = Debug|Any CPU
		{70D9C36B-4FDF-4166-901E-8A2FA6DCE37F}.Debug|x64.ActiveCfg = Debug|Any CPU
		{70D9C36B-4FDF-4166-901E-8A2FA6DCE37F}.Debug|x64.Build.0 = Debug|Any CPU
		{70D9C36B-4FDF-4166-901E-8A2FA6DCE37F}.Debug|x86.ActiveCfg = Debug|Any CPU
		{70D9C36B-4FDF-4166-901E-8A2FA6DCE37F}.Debug|x86.Build.0 = Debug|Any CPU
		{70D9C36B-4FDF-4166-901E-8A2FA6DCE37F}.Release|Any CPU.ActiveCfg = Release|Any CPU
		{70D9C36B-4FDF-4166-901E-8A2FA6DCE37F}.Release|Any CPU.Build.0 = Release|Any CPU
		{70D9C36B-4FDF-4166-901E-8A2FA6DCE37F}.Release|x64.ActiveCfg = Release|Any CPU
		{70D9C36B-4FDF-4166-901E-8A2FA6DCE37F}.Release|x64.Build.0 = Release|Any CPU
		{70D9C36B-4FDF-4166-901E-8A2FA6DCE37F}.Release|x86.ActiveCfg = Release|Any CPU
		{70D9C36B-4FDF-4166-901E-8A2FA6DCE37F}.Release|x86.Build.0 = Release|Any CPU
		{9A08C661-8B92-4CB9-8A9B-78DA55E3D7E2}.Debug|Any CPU.ActiveCfg = Debug|Any CPU
		{9A08C661-8B92-4CB9-8A9B-78DA55E3D7E2}.Debug|Any CPU.Build.0 = Debug|Any CPU
		{9A08C661-8B92-4CB9-8A9B-78DA55E3D7E2}.Debug|x64.ActiveCfg = Debug|Any CPU
		{9A08C661-8B92-4CB9-8A9B-78DA55E3D7E2}.Debug|x64.Build.0 = Debug|Any CPU
		{9A08C661-8B92-4CB9-8A9B-78DA55E3D7E2}.Debug|x86.ActiveCfg = Debug|Any CPU
		{9A08C661-8B92-4CB9-8A9B-78DA55E3D7E2}.Debug|x86.Build.0 = Debug|Any CPU
		{9A08C661-8B92-4CB9-8A9B-78DA55E3D7E2}.Release|Any CPU.ActiveCfg = Release|Any CPU
		{9A08C661-8B92-4CB9-8A9B-78DA55E3D7E2}.Release|Any CPU.Build.0 = Release|Any CPU
		{9A08C661-8B92-4CB9-8A9B-78DA55E3D7E2}.Release|x64.ActiveCfg = Release|Any CPU
		{9A08C661-8B92-4CB9-8A9B-78DA55E3D7E2}.Release|x64.Build.0 = Release|Any CPU
		{9A08C661-8B92-4CB9-8A9B-78DA55E3D7E2}.Release|x86.ActiveCfg = Release|Any CPU
		{9A08C661-8B92-4CB9-8A9B-78DA55E3D7E2}.Release|x86.Build.0 = Release|Any CPU
		{EE21C5CB-4337-4911-809C-AE0BC2293B1B}.Debug|Any CPU.ActiveCfg = Debug|Any CPU
		{EE21C5CB-4337-4911-809C-AE0BC2293B1B}.Debug|Any CPU.Build.0 = Debug|Any CPU
		{EE21C5CB-4337-4911-809C-AE0BC2293B1B}.Debug|x64.ActiveCfg = Debug|Any CPU
		{EE21C5CB-4337-4911-809C-AE0BC2293B1B}.Debug|x64.Build.0 = Debug|Any CPU
		{EE21C5CB-4337-4911-809C-AE0BC2293B1B}.Debug|x86.ActiveCfg = Debug|Any CPU
		{EE21C5CB-4337-4911-809C-AE0BC2293B1B}.Debug|x86.Build.0 = Debug|Any CPU
		{EE21C5CB-4337-4911-809C-AE0BC2293B1B}.Release|Any CPU.ActiveCfg = Release|Any CPU
		{EE21C5CB-4337-4911-809C-AE0BC2293B1B}.Release|Any CPU.Build.0 = Release|Any CPU
		{EE21C5CB-4337-4911-809C-AE0BC2293B1B}.Release|x64.ActiveCfg = Release|Any CPU
		{EE21C5CB-4337-4911-809C-AE0BC2293B1B}.Release|x64.Build.0 = Release|Any CPU
		{EE21C5CB-4337-4911-809C-AE0BC2293B1B}.Release|x86.ActiveCfg = Release|Any CPU
		{EE21C5CB-4337-4911-809C-AE0BC2293B1B}.Release|x86.Build.0 = Release|Any CPU
		{83A42A99-33E8-42EB-B850-9ADEB940E539}.Debug|Any CPU.ActiveCfg = Debug|Any CPU
		{83A42A99-33E8-42EB-B850-9ADEB940E539}.Debug|Any CPU.Build.0 = Debug|Any CPU
		{83A42A99-33E8-42EB-B850-9ADEB940E539}.Debug|x64.ActiveCfg = Debug|Any CPU
		{83A42A99-33E8-42EB-B850-9ADEB940E539}.Debug|x64.Build.0 = Debug|Any CPU
		{83A42A99-33E8-42EB-B850-9ADEB940E539}.Debug|x86.ActiveCfg = Debug|Any CPU
		{83A42A99-33E8-42EB-B850-9ADEB940E539}.Debug|x86.Build.0 = Debug|Any CPU
		{83A42A99-33E8-42EB-B850-9ADEB940E539}.Release|Any CPU.ActiveCfg = Release|Any CPU
		{83A42A99-33E8-42EB-B850-9ADEB940E539}.Release|Any CPU.Build.0 = Release|Any CPU
		{83A42A99-33E8-42EB-B850-9ADEB940E539}.Release|x64.ActiveCfg = Release|Any CPU
		{83A42A99-33E8-42EB-B850-9ADEB940E539}.Release|x64.Build.0 = Release|Any CPU
		{83A42A99-33E8-42EB-B850-9ADEB940E539}.Release|x86.ActiveCfg = Release|Any CPU
		{83A42A99-33E8-42EB-B850-9ADEB940E539}.Release|x86.Build.0 = Release|Any CPU
		{A984440F-D73D-4639-9E24-6EECE05452F5}.Debug|Any CPU.ActiveCfg = Debug|Any CPU
		{A984440F-D73D-4639-9E24-6EECE05452F5}.Debug|Any CPU.Build.0 = Debug|Any CPU
		{A984440F-D73D-4639-9E24-6EECE05452F5}.Debug|x64.ActiveCfg = Debug|Any CPU
		{A984440F-D73D-4639-9E24-6EECE05452F5}.Debug|x64.Build.0 = Debug|Any CPU
		{A984440F-D73D-4639-9E24-6EECE05452F5}.Debug|x86.ActiveCfg = Debug|Any CPU
		{A984440F-D73D-4639-9E24-6EECE05452F5}.Debug|x86.Build.0 = Debug|Any CPU
		{A984440F-D73D-4639-9E24-6EECE05452F5}.Release|Any CPU.ActiveCfg = Release|Any CPU
		{A984440F-D73D-4639-9E24-6EECE05452F5}.Release|Any CPU.Build.0 = Release|Any CPU
		{A984440F-D73D-4639-9E24-6EECE05452F5}.Release|x64.ActiveCfg = Release|Any CPU
		{A984440F-D73D-4639-9E24-6EECE05452F5}.Release|x64.Build.0 = Release|Any CPU
		{A984440F-D73D-4639-9E24-6EECE05452F5}.Release|x86.ActiveCfg = Release|Any CPU
		{A984440F-D73D-4639-9E24-6EECE05452F5}.Release|x86.Build.0 = Release|Any CPU
		{59E654E7-83CF-4C0E-B152-974010DD0E59}.Debug|Any CPU.ActiveCfg = Debug|Any CPU
		{59E654E7-83CF-4C0E-B152-974010DD0E59}.Debug|Any CPU.Build.0 = Debug|Any CPU
		{59E654E7-83CF-4C0E-B152-974010DD0E59}.Debug|x64.ActiveCfg = Debug|Any CPU
		{59E654E7-83CF-4C0E-B152-974010DD0E59}.Debug|x64.Build.0 = Debug|Any CPU
		{59E654E7-83CF-4C0E-B152-974010DD0E59}.Debug|x86.ActiveCfg = Debug|Any CPU
		{59E654E7-83CF-4C0E-B152-974010DD0E59}.Debug|x86.Build.0 = Debug|Any CPU
		{59E654E7-83CF-4C0E-B152-974010DD0E59}.Release|Any CPU.ActiveCfg = Release|Any CPU
		{59E654E7-83CF-4C0E-B152-974010DD0E59}.Release|Any CPU.Build.0 = Release|Any CPU
		{59E654E7-83CF-4C0E-B152-974010DD0E59}.Release|x64.ActiveCfg = Release|Any CPU
		{59E654E7-83CF-4C0E-B152-974010DD0E59}.Release|x64.Build.0 = Release|Any CPU
		{59E654E7-83CF-4C0E-B152-974010DD0E59}.Release|x86.ActiveCfg = Release|Any CPU
		{59E654E7-83CF-4C0E-B152-974010DD0E59}.Release|x86.Build.0 = Release|Any CPU
		{F1CD2CD6-CB6F-4B15-94C1-2D0497D1EB97}.Debug|Any CPU.ActiveCfg = Debug|Any CPU
		{F1CD2CD6-CB6F-4B15-94C1-2D0497D1EB97}.Debug|Any CPU.Build.0 = Debug|Any CPU
		{F1CD2CD6-CB6F-4B15-94C1-2D0497D1EB97}.Debug|x64.ActiveCfg = Debug|Any CPU
		{F1CD2CD6-CB6F-4B15-94C1-2D0497D1EB97}.Debug|x64.Build.0 = Debug|Any CPU
		{F1CD2CD6-CB6F-4B15-94C1-2D0497D1EB97}.Debug|x86.ActiveCfg = Debug|Any CPU
		{F1CD2CD6-CB6F-4B15-94C1-2D0497D1EB97}.Debug|x86.Build.0 = Debug|Any CPU
		{F1CD2CD6-CB6F-4B15-94C1-2D0497D1EB97}.Release|Any CPU.ActiveCfg = Release|Any CPU
		{F1CD2CD6-CB6F-4B15-94C1-2D0497D1EB97}.Release|Any CPU.Build.0 = Release|Any CPU
		{F1CD2CD6-CB6F-4B15-94C1-2D0497D1EB97}.Release|x64.ActiveCfg = Release|Any CPU
		{F1CD2CD6-CB6F-4B15-94C1-2D0497D1EB97}.Release|x64.Build.0 = Release|Any CPU
		{F1CD2CD6-CB6F-4B15-94C1-2D0497D1EB97}.Release|x86.ActiveCfg = Release|Any CPU
		{F1CD2CD6-CB6F-4B15-94C1-2D0497D1EB97}.Release|x86.Build.0 = Release|Any CPU
		{7F35EB95-4746-4A09-94AA-606E3CBA27EA}.Debug|Any CPU.ActiveCfg = Debug|Any CPU
		{7F35EB95-4746-4A09-94AA-606E3CBA27EA}.Debug|Any CPU.Build.0 = Debug|Any CPU
		{7F35EB95-4746-4A09-94AA-606E3CBA27EA}.Debug|x64.ActiveCfg = Debug|Any CPU
		{7F35EB95-4746-4A09-94AA-606E3CBA27EA}.Debug|x64.Build.0 = Debug|Any CPU
		{7F35EB95-4746-4A09-94AA-606E3CBA27EA}.Debug|x86.ActiveCfg = Debug|Any CPU
		{7F35EB95-4746-4A09-94AA-606E3CBA27EA}.Debug|x86.Build.0 = Debug|Any CPU
		{7F35EB95-4746-4A09-94AA-606E3CBA27EA}.Release|Any CPU.ActiveCfg = Release|Any CPU
		{7F35EB95-4746-4A09-94AA-606E3CBA27EA}.Release|Any CPU.Build.0 = Release|Any CPU
		{7F35EB95-4746-4A09-94AA-606E3CBA27EA}.Release|x64.ActiveCfg = Release|Any CPU
		{7F35EB95-4746-4A09-94AA-606E3CBA27EA}.Release|x64.Build.0 = Release|Any CPU
		{7F35EB95-4746-4A09-94AA-606E3CBA27EA}.Release|x86.ActiveCfg = Release|Any CPU
		{7F35EB95-4746-4A09-94AA-606E3CBA27EA}.Release|x86.Build.0 = Release|Any CPU
		{037BA36D-434D-4F81-8CF6-861F70E9EAFC}.Debug|Any CPU.ActiveCfg = Debug|Any CPU
		{037BA36D-434D-4F81-8CF6-861F70E9EAFC}.Debug|Any CPU.Build.0 = Debug|Any CPU
		{037BA36D-434D-4F81-8CF6-861F70E9EAFC}.Debug|x64.ActiveCfg = Debug|Any CPU
		{037BA36D-434D-4F81-8CF6-861F70E9EAFC}.Debug|x64.Build.0 = Debug|Any CPU
		{037BA36D-434D-4F81-8CF6-861F70E9EAFC}.Debug|x86.ActiveCfg = Debug|Any CPU
		{037BA36D-434D-4F81-8CF6-861F70E9EAFC}.Debug|x86.Build.0 = Debug|Any CPU
		{037BA36D-434D-4F81-8CF6-861F70E9EAFC}.Release|Any CPU.ActiveCfg = Release|Any CPU
		{037BA36D-434D-4F81-8CF6-861F70E9EAFC}.Release|Any CPU.Build.0 = Release|Any CPU
		{037BA36D-434D-4F81-8CF6-861F70E9EAFC}.Release|x64.ActiveCfg = Release|Any CPU
		{037BA36D-434D-4F81-8CF6-861F70E9EAFC}.Release|x64.Build.0 = Release|Any CPU
		{037BA36D-434D-4F81-8CF6-861F70E9EAFC}.Release|x86.ActiveCfg = Release|Any CPU
		{037BA36D-434D-4F81-8CF6-861F70E9EAFC}.Release|x86.Build.0 = Release|Any CPU
	EndGlobalSection
	GlobalSection(SolutionProperties) = preSolution
		HideSolutionNode = FALSE
	EndGlobalSection
	GlobalSection(NestedProjects) = preSolution
		{EB52A0CA-0957-4DA6-B4A2-1B7999A74563} = {A1B2C3D4-E5F6-7890-ABCD-EF1234567890}
		{3B65F805-85B7-474E-BFC5-4B9E130A2152} = {C8E42992-5E42-0C2B-DBFE-AA848D06431C}
		{5D08B0C1-FF08-4BFF-AE18-EFE149F22838} = {C8E42992-5E42-0C2B-DBFE-AA848D06431C}
		{70D9C36B-4FDF-4166-901E-8A2FA6DCE37F} = {C8E42992-5E42-0C2B-DBFE-AA848D06431C}
		{9A08C661-8B92-4CB9-8A9B-78DA55E3D7E2} = {EC447DCF-ABFA-6E24-52A5-D7FD48A5C558}
		{EE21C5CB-4337-4911-809C-AE0BC2293B1B} = {EC447DCF-ABFA-6E24-52A5-D7FD48A5C558}
		{83A42A99-33E8-42EB-B850-9ADEB940E539} = {EC447DCF-ABFA-6E24-52A5-D7FD48A5C558}
		{A984440F-D73D-4639-9E24-6EECE05452F5} = {EC447DCF-ABFA-6E24-52A5-D7FD48A5C558}
		{59E654E7-83CF-4C0E-B152-974010DD0E59} = {EC447DCF-ABFA-6E24-52A5-D7FD48A5C558}
		{F1CD2CD6-CB6F-4B15-94C1-2D0497D1EB97} = {EC447DCF-ABFA-6E24-52A5-D7FD48A5C558}
		{7F35EB95-4746-4A09-94AA-606E3CBA27EA} = {EC447DCF-ABFA-6E24-52A5-D7FD48A5C558}
		{037BA36D-434D-4F81-8CF6-861F70E9EAFC} = {0AB3BF05-4346-4AA6-1389-037BE0695223}
	EndGlobalSection
EndGlobal
